PODS:
  - OCMock (2.2.4)
  - OHHTTPStubs (3.1.12):
    - OHHTTPStubs/Core (= 3.1.12)
  - OHHTTPStubs/Core (3.1.12)

DEPENDENCIES:
  - OCMock (~> 2.2)
  - OHHTTPStubs (~> 3.1.1)

SPEC CHECKSUMS:
  OCMock: a6a7dc0e3997fb9f35d99f72528698ebf60d64f2
  OHHTTPStubs: 8cf0cfe6f34f13fc88fdf5b2a1b2c2536e8c0261

PODFILE CHECKSUM: 2619ebac316114eb3c4de618a209000776f34961

COCOAPODS: 1.0.1
